
Microsoft Visual Studio Solution File, Format Version 12.00
# Visual Studio Version 17
VisualStudioVersion = 17.5.33627.172
MinimumVisualStudioVersion = 10.0.40219.1
Project("{FAE04EC0-301F-11D3-BF4B-00C04F79EFBC}") = "ControlE.API", "ControlE.API\ControlE.API.csproj", "{21632917-0173-4B2F-BD5B-ED3D35342F1D}"
EndProject
Global
	GlobalSection(SolutionConfigurationPlatforms) = preSolution
		Debug|Any CPU = Debug|Any CPU
		Release|Any CPU = Release|Any CPU
	EndGlobalSection
	GlobalSection(ProjectConfigurationPlatforms) = postSolution
		{21632917-0173-4B2F-BD5B-ED3D35342F1D}.Debug|Any CPU.ActiveCfg = Debug|Any CPU
		{21632917-0173-4B2F-BD5B-ED3D35342F1D}.Debug|Any CPU.Build.0 = Debug|Any CPU
		{21632917-0173-4B2F-BD5B-ED3D35342F1D}.Release|Any CPU.ActiveCfg = Release|Any CPU
		{21632917-0173-4B2F-BD5B-ED3D35342F1D}.Release|Any CPU.Build.0 = Release|Any CPU
	EndGlobalSection
	GlobalSection(SolutionProperties) = preSolution
		HideSolutionNode = FALSE
	EndGlobalSection
	GlobalSection(ExtensibilityGlobals) = postSolution
		SolutionGuid = {7AC696AA-BE8B-42D1-AD5E-B8F497959B76}
	EndGlobalSection
EndGlobal
